{
    "_readme": [
        "This file locks the dependencies of your project to a known state",
        "Read more about it at http://getcomposer.org/doc/01-basic-usage.md#composer-lock-the-lock-file",
        "This file is @generated automatically"
    ],
    "hash": "f1b0ee504d71267e96236f573e5c18a5",
    "packages": [
        {
            "name": "suramon/simple-xml-reader",
            "version": "dev-master",
            "source": {
                "type": "git",
                "url": "https://github.com/SuRaMoN/simplexmlreader.git",
                "reference": "fdc2b629002f16e76a2c8dd5a8586d10e5e1b060"
            },
            "dist": {
                "type": "zip",
                "url": "https://api.github.com/repos/SuRaMoN/simplexmlreader/zipball/fdc2b629002f16e76a2c8dd5a8586d10e5e1b060",
                "reference": "fdc2b629002f16e76a2c8dd5a8586d10e5e1b060",
                "shasum": ""
            },
            "require": {
                "php": ">=5.3"
            },
            "require-dev": {
                "phpunit/phpunit": "~3"
            },
            "type": "library",
            "autoload": {
                "psr-0": {
                    "SimpleXmlReader\\": [
                        "src/"
                    ]
                }
            },
            "notification-url": "https://packagist.org/downloads/",
            "license": [
                "DO WHAT THE FUCK YOU WANT TO PUBLIC LICENSE"
            ],
            "authors": [
                {
                    "name": "SuRaMoN",
                    "homepage": "https://github.com/SuRaMoN"
                }
            ],
            "description": "The power of SimpleXmlElement, combined with the resource-friendliness of XmlReader",
            "homepage": "https://github.com/SuRaMoN/SimpleXmlReader",
            "time": "2014-05-02 22:32:46"
        },
        {
            "name": "symfony/filesystem",
            "version": "dev-master",
            "target-dir": "Symfony/Component/Filesystem",
            "source": {
                "type": "git",
                "url": "https://github.com/symfony/Filesystem.git",
                "reference": "75f5f5c8ff1497a2071f9c77484390087e379406"
            },
            "dist": {
                "type": "zip",
                "url": "https://api.github.com/repos/symfony/Filesystem/zipball/75f5f5c8ff1497a2071f9c77484390087e379406",
                "reference": "75f5f5c8ff1497a2071f9c77484390087e379406",
                "shasum": ""
            },
            "require": {
                "php": ">=5.3.3"
            },
            "type": "library",
            "extra": {
                "branch-alias": {
                    "dev-master": "2.6-dev"
                }
            },
            "autoload": {
                "psr-0": {
                    "Symfony\\Component\\Filesystem\\": ""
                }
            },
            "notification-url": "https://packagist.org/downloads/",
            "license": [
                "MIT"
            ],
            "authors": [
                {
                    "name": "Symfony Community",
                    "homepage": "http://symfony.com/contributors"
                },
                {
                    "name": "Fabien Potencier",
                    "email": "fabien@symfony.com"
                }
            ],
            "description": "Symfony Filesystem Component",
            "homepage": "http://symfony.com",
            "time": "2014-09-04 21:09:17"
        },
        {
            "name": "symfony/finder",
            "version": "dev-master",
            "target-dir": "Symfony/Component/Finder",
            "source": {
                "type": "git",
                "url": "https://github.com/symfony/Finder.git",
                "reference": "b7b98cf609a94ebc4cd299b736282901223a4b12"
            },
            "dist": {
                "type": "zip",
                "url": "https://api.github.com/repos/symfony/Finder/zipball/b7b98cf609a94ebc4cd299b736282901223a4b12",
                "reference": "b7b98cf609a94ebc4cd299b736282901223a4b12",
                "shasum": ""
            },
            "require": {
                "php": ">=5.3.3"
            },
            "type": "library",
            "extra": {
                "branch-alias": {
                    "dev-master": "2.6-dev"
                }
            },
            "autoload": {
                "psr-0": {
                    "Symfony\\Component\\Finder\\": ""
                }
            },
            "notification-url": "https://packagist.org/downloads/",
            "license": [
                "MIT"
            ],
            "authors": [
                {
                    "name": "Symfony Community",
                    "homepage": "http://symfony.com/contributors"
                },
                {
                    "name": "Fabien Potencier",
                    "email": "fabien@symfony.com"
                }
            ],
            "description": "Symfony Finder Component",
            "homepage": "http://symfony.com",
            "time": "2014-09-03 09:12:11"
        },
        {
            "name": "symfony/yaml",
            "version": "dev-master",
            "target-dir": "Symfony/Component/Yaml",
            "source": {
                "type": "git",
                "url": "https://github.com/symfony/Yaml.git",
                "reference": "9f94dc5d8d7b49a9cb789853278af2b07a0aa4fd"
            },
            "dist": {
                "type": "zip",
                "url": "https://api.github.com/repos/symfony/Yaml/zipball/9f94dc5d8d7b49a9cb789853278af2b07a0aa4fd",
                "reference": "9f94dc5d8d7b49a9cb789853278af2b07a0aa4fd",
                "shasum": ""
            },
            "require": {
                "php": ">=5.3.3"
            },
            "type": "library",
            "extra": {
                "branch-alias": {
                    "dev-master": "2.6-dev"
                }
            },
            "autoload": {
                "psr-0": {
                    "Symfony\\Component\\Yaml\\": ""
                }
            },
            "notification-url": "https://packagist.org/downloads/",
            "license": [
                "MIT"
            ],
            "authors": [
                {
                    "name": "Symfony Community",
                    "homepage": "http://symfony.com/contributors"
                },
                {
                    "name": "Fabien Potencier",
                    "email": "fabien@symfony.com"
                }
            ],
            "description": "Symfony Yaml Component",
            "homepage": "http://symfony.com",
            "time": "2014-09-17 09:54:14"
        }
    ],
    "packages-dev": [
        {
            "name": "atoum/atoum",
            "version": "dev-master",
            "source": {
                "type": "git",
                "url": "https://github.com/atoum/atoum.git",
                "reference": "43d643d149e59d288fb99c9fa2a70767a556f793"
            },
            "dist": {
                "type": "zip",
                "url": "https://api.github.com/repos/atoum/atoum/zipball/43d643d149e59d288fb99c9fa2a70767a556f793",
                "reference": "43d643d149e59d288fb99c9fa2a70767a556f793",
                "shasum": ""
            },
            "require": {
                "ext-hash": "*",
                "ext-json": "*",
                "ext-session": "*",
                "ext-tokenizer": "*",
                "ext-xml": "*",
                "php": ">=5.3.3"
            },
            "replace": {
                "mageekguy/atoum": "*"
            },
            "suggest": {
                "ext-mbstring": "Provides support for UTF-8 strings"
            },
            "bin": [
                "bin/atoum"
            ],
            "type": "library",
            "autoload": {
                "classmap": [
                    "classes/"
                ]
            },
            "notification-url": "https://packagist.org/downloads/",
            "license": [
                "BSD"
            ],
            "authors": [
                {
                    "name": "Frédéric Hardy",
                    "email": "frederic.hardy@atoum.org",
                    "homepage": "http://blog.mageekbox.net"
                },
                {
                    "name": "François Dussert",
                    "email": "francois.dussert@atoum.org"
                },
                {
                    "name": "Gérald Croes",
                    "email": "gerald.croes@atoum.org"
                },
                {
                    "name": "Julien Bianchi",
                    "email": "julien.bianchi@atoum.org"
                },
                {
                    "name": "Ludovic Fleury",
                    "email": "ludovic.fleury@atoum.org"
                }
            ],
            "description": "Simple modern and intuitive unit testing framework for PHP 5.3+",
            "homepage": "http://www.atoum.org",
            "keywords": [
                "TDD",
                "atoum",
                "test",
                "unit testing"
            ],
            "time": "2014-09-19 18:20:29"
        }
    ],
    "aliases": [],
    "minimum-stability": "dev",
    "stability-flags": {
        "suramon/simple-xml-reader": 20,
        "atoum/atoum": 20
    },
    "prefer-stable": false,
    "platform": {
        "php": ">=5.3.3"
    },
    "platform-dev": []
}
